
Microsoft Visual Studio Solution File, Format Version 12.00
# Visual Studio Version 16
VisualStudioVersion = 16.0.30717.126
MinimumVisualStudioVersion = 10.0.40219.1
Project("{FAE04EC0-301F-11D3-BF4B-00C04F79EFBC}") = "Kovaleva.HomeWork-3", "src\Kovaleva.HomeWork-3\Kovaleva.HomeWork-3.csproj", "{871C7D94-6BE1-4C3A-87A8-5A9D386D1295}"
EndProject
Global
	GlobalSection(SolutionConfigurationPlatforms) = preSolution
		Debug|Any CPU = Debug|Any CPU
		Release|Any CPU = Release|Any CPU
	EndGlobalSection
	GlobalSection(ProjectConfigurationPlatforms) = postSolution
		{871C7D94-6BE1-4C3A-87A8-5A9D386D1295}.Debug|Any CPU.ActiveCfg = Debug|Any CPU
		{871C7D94-6BE1-4C3A-87A8-5A9D386D1295}.Debug|Any CPU.Build.0 = Debug|Any CPU
		{871C7D94-6BE1-4C3A-87A8-5A9D386D1295}.Release|Any CPU.ActiveCfg = Release|Any CPU
		{871C7D94-6BE1-4C3A-87A8-5A9D386D1295}.Release|Any CPU.Build.0 = Release|Any CPU
	EndGlobalSection
	GlobalSection(SolutionProperties) = preSolution
		HideSolutionNode = FALSE
	EndGlobalSection
	GlobalSection(ExtensibilityGlobals) = postSolution
		SolutionGuid = {A7ABA3BE-5DFD-4200-8DE9-58483B66F8EE}
	EndGlobalSection
EndGlobal
