
Microsoft Visual Studio Solution File, Format Version 12.00
# Visual Studio Version 16
VisualStudioVersion = 16.0.30717.126
MinimumVisualStudioVersion = 10.0.40219.1
Project("{9A19103F-16F7-4668-BE54-9A1E7A4F7556}") = "Kovaleva.HomeWork-2", "src\Kovaleva.HomeWork-2\Kovaleva.HomeWork-2.csproj", "{8EBCCE47-AAA8-4CCE-8A03-5379070E7A68}"
EndProject
Project("{9A19103F-16F7-4668-BE54-9A1E7A4F7556}") = "Kovaleva.HomeWork-3", "src\Kovaleva.HomeWork-3\Kovaleva.HomeWork-3.csproj", "{871C7D94-6BE1-4C3A-87A8-5A9D386D1295}"
EndProject
Project("{9A19103F-16F7-4668-BE54-9A1E7A4F7556}") = "Kovaleva.HomeWork-6", "src\Kovaleva.HomeWork-6\Kovaleva.HomeWork-6.csproj", "{21BDB49F-1251-4D88-ABDE-741934E6914A}"
EndProject
Project("{9A19103F-16F7-4668-BE54-9A1E7A4F7556}") = "Kovaleva.HomeWork-5", "src\Kovaleva.HomeWork-5\Kovaleva.HomeWork-5.csproj", "{C33A7719-35A9-483E-A9AF-94A15A6451BF}"
EndProject
Project("{9A19103F-16F7-4668-BE54-9A1E7A4F7556}") = "Kovaleva.HomeWork-4", "src\Kovaleva.HomeWork-4\Kovaleva.HomeWork-4.csproj", "{26D58A56-71D4-4D4A-AE3E-6DADCC97C281}"
EndProject
Project("{FAE04EC0-301F-11D3-BF4B-00C04F79EFBC}") = "Kovaleva.HomeWork-7", "src\Kovaleva.HomeWork-7\Kovaleva.HomeWork-7.csproj", "{49CDBB38-C849-45D9-90BD-6597A14E3D22}"
EndProject
Project("{FAE04EC0-301F-11D3-BF4B-00C04F79EFBC}") = "Kovaleva.HomeWork-8", "src\Kovaleva.HomeWork-8\Kovaleva.HomeWork-8.csproj", "{9241A01C-0933-4FF5-BD10-C7894498051E}"
EndProject
Global
	GlobalSection(SolutionConfigurationPlatforms) = preSolution
		Debug|Any CPU = Debug|Any CPU
		Release|Any CPU = Release|Any CPU
	EndGlobalSection
	GlobalSection(ProjectConfigurationPlatforms) = postSolution
		{8EBCCE47-AAA8-4CCE-8A03-5379070E7A68}.Debug|Any CPU.ActiveCfg = Debug|Any CPU
		{8EBCCE47-AAA8-4CCE-8A03-5379070E7A68}.Debug|Any CPU.Build.0 = Debug|Any CPU
		{8EBCCE47-AAA8-4CCE-8A03-5379070E7A68}.Release|Any CPU.ActiveCfg = Release|Any CPU
		{8EBCCE47-AAA8-4CCE-8A03-5379070E7A68}.Release|Any CPU.Build.0 = Release|Any CPU
		{871C7D94-6BE1-4C3A-87A8-5A9D386D1295}.Debug|Any CPU.ActiveCfg = Debug|Any CPU
		{871C7D94-6BE1-4C3A-87A8-5A9D386D1295}.Debug|Any CPU.Build.0 = Debug|Any CPU
		{871C7D94-6BE1-4C3A-87A8-5A9D386D1295}.Release|Any CPU.ActiveCfg = Release|Any CPU
		{871C7D94-6BE1-4C3A-87A8-5A9D386D1295}.Release|Any CPU.Build.0 = Release|Any CPU
		{21BDB49F-1251-4D88-ABDE-741934E6914A}.Debug|Any CPU.ActiveCfg = Debug|Any CPU
		{21BDB49F-1251-4D88-ABDE-741934E6914A}.Debug|Any CPU.Build.0 = Debug|Any CPU
		{21BDB49F-1251-4D88-ABDE-741934E6914A}.Release|Any CPU.ActiveCfg = Release|Any CPU
		{21BDB49F-1251-4D88-ABDE-741934E6914A}.Release|Any CPU.Build.0 = Release|Any CPU
		{C33A7719-35A9-483E-A9AF-94A15A6451BF}.Debug|Any CPU.ActiveCfg = Debug|Any CPU
		{C33A7719-35A9-483E-A9AF-94A15A6451BF}.Debug|Any CPU.Build.0 = Debug|Any CPU
		{C33A7719-35A9-483E-A9AF-94A15A6451BF}.Release|Any CPU.ActiveCfg = Release|Any CPU
		{C33A7719-35A9-483E-A9AF-94A15A6451BF}.Release|Any CPU.Build.0 = Release|Any CPU
		{26D58A56-71D4-4D4A-AE3E-6DADCC97C281}.Debug|Any CPU.ActiveCfg = Debug|Any CPU
		{26D58A56-71D4-4D4A-AE3E-6DADCC97C281}.Debug|Any CPU.Build.0 = Debug|Any CPU
		{26D58A56-71D4-4D4A-AE3E-6DADCC97C281}.Release|Any CPU.ActiveCfg = Release|Any CPU
		{26D58A56-71D4-4D4A-AE3E-6DADCC97C281}.Release|Any CPU.Build.0 = Release|Any CPU
		{49CDBB38-C849-45D9-90BD-6597A14E3D22}.Debug|Any CPU.ActiveCfg = Debug|Any CPU
		{49CDBB38-C849-45D9-90BD-6597A14E3D22}.Debug|Any CPU.Build.0 = Debug|Any CPU
		{49CDBB38-C849-45D9-90BD-6597A14E3D22}.Release|Any CPU.ActiveCfg = Release|Any CPU
		{49CDBB38-C849-45D9-90BD-6597A14E3D22}.Release|Any CPU.Build.0 = Release|Any CPU
		{9241A01C-0933-4FF5-BD10-C7894498051E}.Debug|Any CPU.ActiveCfg = Debug|Any CPU
		{9241A01C-0933-4FF5-BD10-C7894498051E}.Debug|Any CPU.Build.0 = Debug|Any CPU
		{9241A01C-0933-4FF5-BD10-C7894498051E}.Release|Any CPU.ActiveCfg = Release|Any CPU
		{9241A01C-0933-4FF5-BD10-C7894498051E}.Release|Any CPU.Build.0 = Release|Any CPU
	EndGlobalSection
	GlobalSection(SolutionProperties) = preSolution
		HideSolutionNode = FALSE
	EndGlobalSection
	GlobalSection(ExtensibilityGlobals) = postSolution
		SolutionGuid = {A7ABA3BE-5DFD-4200-8DE9-58483B66F8EE}
	EndGlobalSection
EndGlobal
